<?xml version="1.0" encoding="utf-8"?>
<Project ToolsVersion="4.0" xmlns="http://schemas.microsoft.com/developer/msbuild/2003">
  <ItemGroup>
    <Filter Include="Source Files">
      <UniqueIdentifier>{9A02D5E5-2C4E-4DC6-9A83-A88F654D59DA}</UniqueIdentifier>
      <Extensions>cpp</Extensions>
    </Filter>
    <Filter Include="Header Files">
      <UniqueIdentifier>{E2FEA9E9-2D5F-4A9A-9367-A6C8C2CC4F2F}</UniqueIdentifier>
      <Extensions>h</Extensions>
    </Filter>
    <Filter Include="XAML Files">
      <UniqueIdentifier>{EC48D6F2-4C39-4F0B-99B5-0D268A6C5FD7}</UniqueIdentifier>
      <Extensions>xaml</Extensions>
    </Filter>
  </ItemGroup>
  <ItemGroup>
    <ClInclude Include="pch.h">
      <Filter>Header Files</Filter>
    </ClInclude>
    <ClInclude Include="App.xaml.h">
      <Filter>Header Files</Filter>
    </ClInclude>
    <ClInclude Include="MainWindow.xaml.h">
      <Filter>Header Files</Filter>
    </ClInclude>
  </ItemGroup>
  <ItemGroup>
    <ClCompile Include="pch.cpp">
      <Filter>Source Files</Filter>
    </ClCompile>
    <ClCompile Include="main.cpp">
      <Filter>Source Files</Filter>
    </ClCompile>
    <ClCompile Include="App.xaml.cpp">
      <Filter>Source Files</Filter>
    </ClCompile>
    <ClCompile Include="MainWindow.xaml.cpp">
      <Filter>Source Files</Filter>
    </ClCompile>
  </ItemGroup>
  <ItemGroup>
    <Page Include="App.xaml">
      <Filter>XAML Files</Filter>
    </Page>
    <Page Include="MainWindow.xaml">
      <Filter>XAML Files</Filter>
    </Page>
  </ItemGroup>
</Project>
